{
  "name": "app",
  "lockfileVersion": 2,
  "requires": true,
  "packages": {
    "": {
      "devDependencies": {
        "vue-cli-plugin-vuetify": "~2.4.8"
      }
    },
    "node_modules/balanced-match": {
      "version": "1.0.2",
      "dev": true,
      "license": "MIT"
    },
    "node_modules/brace-expansion": {
      "version": "1.1.11",
      "dev": true,
      "license": "MIT",
      "dependencies": {
        "balanced-match": "^1.0.0",
        "concat-map": "0.0.1"
      }
    },
    "node_modules/concat-map": {
      "version": "0.0.1",
      "dev": true,
      "license": "MIT"
    },
    "node_modules/fs.realpath": {
      "version": "1.0.0",
      "dev": true,
      "license": "ISC"
    },
    "node_modules/inflight": {
      "version": "1.0.6",
      "dev": true,
      "license": "ISC",
      "dependencies": {
        "once": "^1.3.0",
        "wrappy": "1"
      }
    },
    "node_modules/inherits": {
      "version": "2.0.4",
      "dev": true,
      "license": "ISC"
    },
    "node_modules/interpret": {
      "version": "1.4.0",
      "dev": true,
      "license": "MIT",
      "engines": {
        "node": ">= 0.10"
      }
    },
    "node_modules/loader-utils": {
      "dev": true
    },
    "node_modules/lru-cache": {
      "version": "7.8.1",
      "dev": true,
      "license": "ISC",
      "engines": {
        "node": ">=12"
      }
    },
    "node_modules/minimatch": {
      "version": "3.1.2",
      "dev": true,
      "license": "ISC",
      "dependencies": {
        "brace-expansion": "^1.1.7"
      },
      "engines": {
        "node": "*"
      }
    },
    "node_modules/null-loader": {
      "version": "4.0.1",
      "dev": true,
      "license": "MIT",
      "dependencies": {
        "loader-utils": "^2.0.0",
        "schema-utils": "^3.0.0"
      },
      "engines": {
        "node": ">= 10.13.0"
      },
      "funding": {
        "type": "opencollective",
        "url": "https://opencollective.com/webpack"
      },
      "peerDependencies": {
        "webpack": "^4.0.0 || ^5.0.0"
      }
    },
    "node_modules/once": {
      "version": "1.4.0",
      "dev": true,
      "license": "ISC",
      "dependencies": {
        "wrappy": "1"
      }
    },
    "node_modules/path-is-absolute": {
      "version": "1.0.1",
      "dev": true,
      "license": "MIT",
      "engines": {
        "node": ">=0.10.0"
      }
    },
    "node_modules/rechoir": {
      "version": "0.6.2",
      "dev": true,
      "dependencies": {
        "resolve": "^1.1.6"
      },
      "engines": {
        "node": ">= 0.10"
      }
    },
    "node_modules/resolve": {
      "dev": true
    },
    "node_modules/schema-utils": {
      "dev": true
    },
    "node_modules/semver": {
      "version": "7.3.6",
      "resolved": "https://registry.npmjs.org/semver/-/semver-7.3.6.tgz",
      "integrity": "sha512-HZWqcgwLsjaX1HBD31msI/rXktuIhS+lWvdE4kN9z+8IVT4Itc7vqU2WvYsyD6/sjYCt4dEKH/m1M3dwI9CC5w==",
      "dev": true,
      "dependencies": {
        "lru-cache": "^7.4.0"
      },
      "bin": {
        "semver": "bin/semver.js"
      },
      "engines": {
        "node": "^10.0.0 || ^12.0.0 || ^14.0.0 || >=16.0.0"
      }
    },
    "node_modules/shelljs": {
      "version": "0.8.5",
      "resolved": "https://registry.npmjs.org/shelljs/-/shelljs-0.8.5.tgz",
      "integrity": "sha512-TiwcRcrkhHvbrZbnRcFYMLl30Dfov3HKqzp5tO5b4pt6G/SezKcYhmDg15zXVBswHmctSAQKznqNW2LO5tTDow==",
      "dev": true,
      "dependencies": {
        "glob": "^7.0.0",
        "interpret": "^1.0.0",
        "rechoir": "^0.6.2"
      },
      "bin": {
        "shjs": "bin/shjs"
      },
      "engines": {
        "node": ">=4"
      }
    },
    "node_modules/shelljs/node_modules/glob": {
      "version": "7.2.0",
      "resolved": "https://registry.npmjs.org/glob/-/glob-7.2.0.tgz",
      "integrity": "sha512-lmLf6gtyrPq8tTjSmrO94wBeQbFR3HbLHbuyD69wuyQkImp2hWqMGB47OX65FBkPffO641IP9jWa1z4ivqG26Q==",
      "dev": true,
      "dependencies": {
        "fs.realpath": "^1.0.0",
        "inflight": "^1.0.4",
        "inherits": "2",
        "minimatch": "^3.0.4",
        "once": "^1.3.0",
        "path-is-absolute": "^1.0.0"
      },
      "engines": {
        "node": "*"
      },
      "funding": {
        "url": "https://github.com/sponsors/isaacs"
      }
    },
    "node_modules/vue-cli-plugin-vuetify": {
      "version": "2.4.8",
      "resolved": "https://registry.npmjs.org/vue-cli-plugin-vuetify/-/vue-cli-plugin-vuetify-2.4.8.tgz",
      "integrity": "sha512-1e8tVbJNQPLpdJgx8tlsCrFVSKrohLe5axWwolOuMr9k++X1pg95jiqBxYZdhh7tIl9bNh4wzVPPGQzTIpoS+Q==",
      "dev": true,
      "dependencies": {
        "null-loader": "^4.0.1",
        "semver": "^7.1.2",
        "shelljs": "^0.8.3"
      },
      "peerDependenciesMeta": {
        "sass-loader": {
          "optional": true
        },
        "vuetify-loader": {
          "optional": true
        }
      }
    },
    "node_modules/wrappy": {
      "version": "1.0.2",
      "dev": true,
      "license": "ISC"
    }
  },
  "dependencies": {
    "balanced-match": {
      "version": "1.0.2",
      "dev": true
    },
    "brace-expansion": {
      "version": "1.1.11",
      "dev": true,
      "requires": {
        "balanced-match": "^1.0.0",
        "concat-map": "0.0.1"
      }
    },
    "concat-map": {
      "version": "0.0.1",
      "dev": true
    },
    "fs.realpath": {
      "version": "1.0.0",
      "dev": true
    },
    "inflight": {
      "version": "1.0.6",
      "dev": true,
      "requires": {
        "once": "^1.3.0",
        "wrappy": "1"
      }
    },
    "inherits": {
      "version": "2.0.4",
      "dev": true
    },
    "interpret": {
      "version": "1.4.0",
      "dev": true
    },
    "loader-utils": {
      "dev": true
    },
    "lru-cache": {
      "version": "7.8.1",
      "dev": true
    },
    "minimatch": {
      "version": "3.1.2",
      "dev": true,
      "requires": {
        "brace-expansion": "^1.1.7"
      }
    },
    "null-loader": {
      "version": "4.0.1",
      "dev": true,
      "requires": {
        "loader-utils": "^2.0.0",
        "schema-utils": "^3.0.0"
      }
    },
    "once": {
      "version": "1.4.0",
      "dev": true,
      "requires": {
        "wrappy": "1"
      }
    },
    "path-is-absolute": {
      "version": "1.0.1",
      "dev": true
    },
    "rechoir": {
      "version": "0.6.2",
      "dev": true,
      "requires": {
        "resolve": "^1.1.6"
      }
    },
    "resolve": {
      "dev": true
    },
    "schema-utils": {
      "dev": true
    },
    "semver": {
      "version": "7.3.6",
      "resolved": "https://registry.npmjs.org/semver/-/semver-7.3.6.tgz",
      "integrity": "sha512-HZWqcgwLsjaX1HBD31msI/rXktuIhS+lWvdE4kN9z+8IVT4Itc7vqU2WvYsyD6/sjYCt4dEKH/m1M3dwI9CC5w==",
      "dev": true,
      "requires": {
        "lru-cache": "^7.4.0"
      }
    },
    "shelljs": {
      "version": "0.8.5",
      "resolved": "https://registry.npmjs.org/shelljs/-/shelljs-0.8.5.tgz",
      "integrity": "sha512-TiwcRcrkhHvbrZbnRcFYMLl30Dfov3HKqzp5tO5b4pt6G/SezKcYhmDg15zXVBswHmctSAQKznqNW2LO5tTDow==",
      "dev": true,
      "requires": {
        "glob": "^7.0.0",
        "interpret": "^1.0.0",
        "rechoir": "^0.6.2"
      },
      "dependencies": {
        "glob": {
          "version": "7.2.0",
          "resolved": "https://registry.npmjs.org/glob/-/glob-7.2.0.tgz",
          "integrity": "sha512-lmLf6gtyrPq8tTjSmrO94wBeQbFR3HbLHbuyD69wuyQkImp2hWqMGB47OX65FBkPffO641IP9jWa1z4ivqG26Q==",
          "dev": true,
          "requires": {
            "fs.realpath": "^1.0.0",
            "inflight": "^1.0.4",
            "inherits": "2",
            "minimatch": "^3.0.4",
            "once": "^1.3.0",
            "path-is-absolute": "^1.0.0"
          }
        }
      }
    },
    "vue-cli-plugin-vuetify": {
      "version": "2.4.8",
      "resolved": "https://registry.npmjs.org/vue-cli-plugin-vuetify/-/vue-cli-plugin-vuetify-2.4.8.tgz",
      "integrity": "sha512-1e8tVbJNQPLpdJgx8tlsCrFVSKrohLe5axWwolOuMr9k++X1pg95jiqBxYZdhh7tIl9bNh4wzVPPGQzTIpoS+Q==",
      "dev": true,
      "requires": {
        "null-loader": "^4.0.1",
        "semver": "^7.1.2",
        "shelljs": "^0.8.3"
      }
    },
    "wrappy": {
      "version": "1.0.2",
      "dev": true
    }
  }
}
